{
  "name": "Final",
  "lockfileVersion": 2,
  "requires": true,
  "packages": {
    "": {
      "dependencies": {
        "gzip": "^0.1.0"
      }
    },
    "node_modules/gzip": {
      "version": "0.1.0",
      "resolved": "https://registry.npmjs.org/gzip/-/gzip-0.1.0.tgz",
      "integrity": "sha1-7VSW/DeqR+5rVaBrT42iWTuDZ8k="
    }
  },
  "dependencies": {
    "gzip": {
      "version": "0.1.0",
      "resolved": "https://registry.npmjs.org/gzip/-/gzip-0.1.0.tgz",
      "integrity": "sha1-7VSW/DeqR+5rVaBrT42iWTuDZ8k="
    }
  }
}
